
Microsoft Visual Studio Solution File, Format Version 12.00
# Visual Studio Version 16
VisualStudioVersion = 16.0.32228.343
MinimumVisualStudioVersion = 10.0.40219.1
Project("{FAE04EC0-301F-11D3-BF4B-00C04F79EFBC}") = "QuanLyBanDienThoai", "QuanLyBanDienThoai.csproj", "{093936EB-2876-4524-ACBA-0460638561AA}"
EndProject
Global
	GlobalSection(SolutionConfigurationPlatforms) = preSolution
		Debug|Any CPU = Debug|Any CPU
		Release|Any CPU = Release|Any CPU
	EndGlobalSection
	GlobalSection(ProjectConfigurationPlatforms) = postSolution
		{093936EB-2876-4524-ACBA-0460638561AA}.Debug|Any CPU.ActiveCfg = Debug|Any CPU
		{093936EB-2876-4524-ACBA-0460638561AA}.Debug|Any CPU.Build.0 = Debug|Any CPU
		{093936EB-2876-4524-ACBA-0460638561AA}.Release|Any CPU.ActiveCfg = Release|Any CPU
		{093936EB-2876-4524-ACBA-0460638561AA}.Release|Any CPU.Build.0 = Release|Any CPU
	EndGlobalSection
	GlobalSection(SolutionProperties) = preSolution
		HideSolutionNode = FALSE
	EndGlobalSection
	GlobalSection(ExtensibilityGlobals) = postSolution
		SolutionGuid = {D8D2BAE7-F476-4900-9C1B-D7212036E409}
	EndGlobalSection
EndGlobal
